
Microsoft Visual Studio Solution File, Format Version 12.00
# Visual Studio Version 17
VisualStudioVersion = 17.9.34607.119
MinimumVisualStudioVersion = 10.0.40219.1
Project("{8BC9CEB8-8B4A-11D0-8D11-00A0C91BC942}") = "Follow me", "Follow me\Follow me.vcxproj", "{7BC07541-6FAB-49BA-9AAE-236433AB01E2}"
EndProject
Global
	GlobalSection(SolutionConfigurationPlatforms) = preSolution
		Debug|x64 = Debug|x64
		Debug|x86 = Debug|x86
		Release|x64 = Release|x64
		Release|x86 = Release|x86
	EndGlobalSection
	GlobalSection(ProjectConfigurationPlatforms) = postSolution
		{7BC07541-6FAB-49BA-9AAE-236433AB01E2}.Debug|x64.ActiveCfg = Debug|x64
		{7BC07541-6FAB-49BA-9AAE-236433AB01E2}.Debug|x64.Build.0 = Debug|x64
		{7BC07541-6FAB-49BA-9AAE-236433AB01E2}.Debug|x86.ActiveCfg = Debug|Win32
		{7BC07541-6FAB-49BA-9AAE-236433AB01E2}.Debug|x86.Build.0 = Debug|Win32
		{7BC07541-6FAB-49BA-9AAE-236433AB01E2}.Release|x64.ActiveCfg = Release|x64
		{7BC07541-6FAB-49BA-9AAE-236433AB01E2}.Release|x64.Build.0 = Release|x64
		{7BC07541-6FAB-49BA-9AAE-236433AB01E2}.Release|x86.ActiveCfg = Release|Win32
		{7BC07541-6FAB-49BA-9AAE-236433AB01E2}.Release|x86.Build.0 = Release|Win32
	EndGlobalSection
	GlobalSection(SolutionProperties) = preSolution
		HideSolutionNode = FALSE
	EndGlobalSection
	GlobalSection(ExtensibilityGlobals) = postSolution
		SolutionGuid = {A19BFA97-7162-405E-83C3-8A5D3E8BFB5C}
	EndGlobalSection
EndGlobal
